
Microsoft Visual Studio Solution File, Format Version 12.00
# Visual Studio Version 17
VisualStudioVersion = 17.2.32526.322
MinimumVisualStudioVersion = 10.0.40219.1
Project("{FAE04EC0-301F-11D3-BF4B-00C04F79EFBC}") = "ConsoleAppxyz", "ConsoleAppxyz\ConsoleAppxyz.csproj", "{B0BF95A6-0AD9-45C1-83E6-3D98A432C3B5}"
EndProject
Global
	GlobalSection(SolutionConfigurationPlatforms) = preSolution
		Debug|Any CPU = Debug|Any CPU
		Release|Any CPU = Release|Any CPU
	EndGlobalSection
	GlobalSection(ProjectConfigurationPlatforms) = postSolution
		{B0BF95A6-0AD9-45C1-83E6-3D98A432C3B5}.Debug|Any CPU.ActiveCfg = Debug|Any CPU
		{B0BF95A6-0AD9-45C1-83E6-3D98A432C3B5}.Debug|Any CPU.Build.0 = Debug|Any CPU
		{B0BF95A6-0AD9-45C1-83E6-3D98A432C3B5}.Release|Any CPU.ActiveCfg = Release|Any CPU
		{B0BF95A6-0AD9-45C1-83E6-3D98A432C3B5}.Release|Any CPU.Build.0 = Release|Any CPU
	EndGlobalSection
	GlobalSection(SolutionProperties) = preSolution
		HideSolutionNode = FALSE
	EndGlobalSection
	GlobalSection(ExtensibilityGlobals) = postSolution
		SolutionGuid = {68677750-6589-40DB-822A-03BF6AB2F900}
	EndGlobalSection
EndGlobal
